git.sequentialread.com/forest/pkg-errors v0.9.2 h1:j6pwbL6E+TmE7TD0tqRtGwuoCbCfO6ZR26Nv5nest9g=
git.sequentialread.com/forest/pkg-errors v0.9.2/go.mod h1:8TkJ/f8xLWFIAid20aoqgDZcCj9QQt+FU+rk415XO1w=
git.sequentialread.com/forest/tunnel v0.0.0-20170601195443-35a8b95662bf h1:2flo/nnhfe3sSxQ/MHlK7KoY54tQ1pAvMzkh0ZOxyH4=
git.sequentialread.com/forest/tunnel v0.0.0-20170601195443-35a8b95662bf/go.mod h1:i+PvDDsWjggoCQOO8bGJJKRB9qfxmHk5yzIEA/h8dzg=
github.com/armon/go-proxyproto v0.0.0-20180202201750-5b7edb60ff5f h1:SaJ6yqg936TshyeFZqQE+N+9hYkIeL9AMr7S4voCl10=
github.com/armon/go-proxyproto v0.0.0-20180202201750-5b7edb60ff5f/go.mod h1:QmP9hvJ91BbJmGVGSbutW19IC0Q9phDCLGaomwTJbgU=
github.com/armon/go-proxyproto v0.0.0-20210323213023-7e956b284f0a h1:AP/vsCIvJZ129pdm9Ek7bH7yutN3hByqsMoNrWAxRQc=
github.com/armon/go-proxyproto v0.0.0-20210323213023-7e956b284f0a/go.mod h1:QmP9hvJ91BbJmGVGSbutW19IC0Q9phDCLGaomwTJbgU=
github.com/armon/go-socks5 v0.0.0-20160902184237-e75332964ef5 h1:0CwZNZbxp69SHPdPJAN/hZIm0C4OItdklCFmMRWYpio=
github.com/armon/go-socks5 v0.0.0-20160902184237-e75332964ef5/go.mod h1:wHh0iHkYZB8zMSxRWpUBQtwG5a7fFgvEO+odwuTv2gs=
github.com/cenkalti/backoff v2.1.0+incompatible h1:FIRvWBZrzS4YC7NT5cOuZjexzFvIr+Dbi6aD1cZaNBk=
github.com/cenkalti/backoff v2.1.0+incompatible/go.mod h1:90ReRw6GdpyfrHakVjL/QHaoyV4aDUVVkXQJJJ3NXXM=
github.com/gorilla/websocket v1.4.0 h1:WDFjx/TMzVgy9VdMMQi2K2Emtwi2QcUQsztZ/zLaH/Q=
github.com/gorilla/websocket v1.4.0/go.mod h1:E7qHFY5m1UJ88s3WnNqhKjPHQ0heANvMoAMk2YaljkQ=
github.com/hashicorp/yamux v0.0.0-20181012175058-2f1d1f20f75d h1:kJCB4vdITiW1eC1vq2e6IsrXKrZit1bv/TDYFGMp4BQ=
github.com/hashicorp/yamux v0.0.0-20181012175058-2f1d1f20f75d/go.mod h1:+NfK9FKeTrX5uv1uIXGdwYDTeHna2qgaIlx54MXqjAM=
golang.org/x/net v0.0.0-20210610132358-84b48f89b13b h1:k+E048sYJHyVnsr1GDrRZWQ32D2C7lWs9JRc0bel53A=
golang.org/x/net v0.0.0-20210610132358-84b48f89b13b/go.mod h1:9nx3DQGgdP8bBQD5qxJ1jj9UTztislL4KSBs9R2vV5Y=
golang.org/x/sys v0.0.0-20201119102817-f84b799fce68/go.mod h1:h1NjWce9XRLGQEsW7wpKNCjG9DtNlClVuFLEZdDNbEs=
golang.org/x/sys v0.0.0-20210423082822-04245dca01da/go.mod h1:h1NjWce9XRLGQEsW7wpKNCjG9DtNlClVuFLEZdDNbEs=
golang.org/x/term v0.0.0-20201126162022-7de9c90e9dd1/go.mod h1:bj7SfCRtBDWHUb9snDiAeCFNEtKQo2Wmx5Cou7ajbmo=
golang.org/x/text v0.3.6/go.mod h1:5Zoc/QRtKVWzQhOtBMvqHzDpF6irO9z98xDceosuGiQ=
golang.org/x/tools v0.0.0-20180917221912-90fa682c2a6e/go.mod h1:n7NCudcB/nEzxVGmLbDWY5pfWTLqBcC2KZ6jyYvM4mQ=
